
Microsoft Visual Studio Solution File, Format Version 12.00
# Visual Studio Version 16
VisualStudioVersion = 16.0.30717.126
MinimumVisualStudioVersion = 10.0.40219.1
Project("{FAE04EC0-301F-11D3-BF4B-00C04F79EFBC}") = "Homework10", "Homework10\Homework10.csproj", "{56A91D35-44DC-40A2-B719-0C98DBDC98A6}"
EndProject
Global
	GlobalSection(SolutionConfigurationPlatforms) = preSolution
		Debug|Any CPU = Debug|Any CPU
		Release|Any CPU = Release|Any CPU
	EndGlobalSection
	GlobalSection(ProjectConfigurationPlatforms) = postSolution
		{56A91D35-44DC-40A2-B719-0C98DBDC98A6}.Debug|Any CPU.ActiveCfg = Debug|Any CPU
		{56A91D35-44DC-40A2-B719-0C98DBDC98A6}.Debug|Any CPU.Build.0 = Debug|Any CPU
		{56A91D35-44DC-40A2-B719-0C98DBDC98A6}.Release|Any CPU.ActiveCfg = Release|Any CPU
		{56A91D35-44DC-40A2-B719-0C98DBDC98A6}.Release|Any CPU.Build.0 = Release|Any CPU
	EndGlobalSection
	GlobalSection(SolutionProperties) = preSolution
		HideSolutionNode = FALSE
	EndGlobalSection
	GlobalSection(ExtensibilityGlobals) = postSolution
		SolutionGuid = {7FA8E3D9-53AA-4ECE-B14D-B5C2FFB0F136}
	EndGlobalSection
EndGlobal
