
Microsoft Visual Studio Solution File, Format Version 12.00
# Visual Studio Version 16
VisualStudioVersion = 16.0.31105.61
MinimumVisualStudioVersion = 10.0.40219.1
Project("{FAE04EC0-301F-11D3-BF4B-00C04F79EFBC}") = "Homework14", "Homework14\Homework14.csproj", "{236A5B0C-E429-4043-986E-CB3F588DCF6E}"
EndProject
Global
	GlobalSection(SolutionConfigurationPlatforms) = preSolution
		Debug|Any CPU = Debug|Any CPU
		Release|Any CPU = Release|Any CPU
	EndGlobalSection
	GlobalSection(ProjectConfigurationPlatforms) = postSolution
		{236A5B0C-E429-4043-986E-CB3F588DCF6E}.Debug|Any CPU.ActiveCfg = Debug|Any CPU
		{236A5B0C-E429-4043-986E-CB3F588DCF6E}.Debug|Any CPU.Build.0 = Debug|Any CPU
		{236A5B0C-E429-4043-986E-CB3F588DCF6E}.Release|Any CPU.ActiveCfg = Release|Any CPU
		{236A5B0C-E429-4043-986E-CB3F588DCF6E}.Release|Any CPU.Build.0 = Release|Any CPU
	EndGlobalSection
	GlobalSection(SolutionProperties) = preSolution
		HideSolutionNode = FALSE
	EndGlobalSection
	GlobalSection(ExtensibilityGlobals) = postSolution
		SolutionGuid = {75A028F6-FD23-4E3C-B9EC-1C662E0EFDB4}
	EndGlobalSection
EndGlobal
