
Microsoft Visual Studio Solution File, Format Version 12.00
# Visual Studio Version 16
VisualStudioVersion = 16.0.31105.61
MinimumVisualStudioVersion = 10.0.40219.1
Project("{FAE04EC0-301F-11D3-BF4B-00C04F79EFBC}") = "Homework15", "Homework15\Homework15.csproj", "{BCE5EB67-55CA-48F2-9A6F-B15F22792B3A}"
EndProject
Global
	GlobalSection(SolutionConfigurationPlatforms) = preSolution
		Debug|Any CPU = Debug|Any CPU
		Release|Any CPU = Release|Any CPU
	EndGlobalSection
	GlobalSection(ProjectConfigurationPlatforms) = postSolution
		{BCE5EB67-55CA-48F2-9A6F-B15F22792B3A}.Debug|Any CPU.ActiveCfg = Debug|Any CPU
		{BCE5EB67-55CA-48F2-9A6F-B15F22792B3A}.Debug|Any CPU.Build.0 = Debug|Any CPU
		{BCE5EB67-55CA-48F2-9A6F-B15F22792B3A}.Release|Any CPU.ActiveCfg = Release|Any CPU
		{BCE5EB67-55CA-48F2-9A6F-B15F22792B3A}.Release|Any CPU.Build.0 = Release|Any CPU
	EndGlobalSection
	GlobalSection(SolutionProperties) = preSolution
		HideSolutionNode = FALSE
	EndGlobalSection
	GlobalSection(ExtensibilityGlobals) = postSolution
		SolutionGuid = {EA0B80D3-D1F0-428E-AB3E-EE52EE1F8FF3}
	EndGlobalSection
EndGlobal
