
Microsoft Visual Studio Solution File, Format Version 12.00
# Visual Studio Version 16
VisualStudioVersion = 16.0.30011.22
MinimumVisualStudioVersion = 10.0.40219.1
Project("{FAE04EC0-301F-11D3-BF4B-00C04F79EFBC}") = "Homework2", "Homework2\Homework2.csproj", "{518EC407-ED4C-4DE3-89E0-4EF5F0414831}"
EndProject
Global
	GlobalSection(SolutionConfigurationPlatforms) = preSolution
		Debug|Any CPU = Debug|Any CPU
		Release|Any CPU = Release|Any CPU
	EndGlobalSection
	GlobalSection(ProjectConfigurationPlatforms) = postSolution
		{518EC407-ED4C-4DE3-89E0-4EF5F0414831}.Debug|Any CPU.ActiveCfg = Debug|Any CPU
		{518EC407-ED4C-4DE3-89E0-4EF5F0414831}.Debug|Any CPU.Build.0 = Debug|Any CPU
		{518EC407-ED4C-4DE3-89E0-4EF5F0414831}.Release|Any CPU.ActiveCfg = Release|Any CPU
		{518EC407-ED4C-4DE3-89E0-4EF5F0414831}.Release|Any CPU.Build.0 = Release|Any CPU
	EndGlobalSection
	GlobalSection(SolutionProperties) = preSolution
		HideSolutionNode = FALSE
	EndGlobalSection
	GlobalSection(ExtensibilityGlobals) = postSolution
		SolutionGuid = {FEACD920-BEDA-4C6A-9E62-D5BA8EC721DD}
	EndGlobalSection
EndGlobal
