
Microsoft Visual Studio Solution File, Format Version 12.00
# Visual Studio Version 16
VisualStudioVersion = 16.0.31105.61
MinimumVisualStudioVersion = 10.0.40219.1
Project("{FAE04EC0-301F-11D3-BF4B-00C04F79EFBC}") = "Classwork15", "Classwork15\Classwork15.csproj", "{13F90845-0717-467C-B1AF-2436ADEBCF05}"
EndProject
Global
	GlobalSection(SolutionConfigurationPlatforms) = preSolution
		Debug|Any CPU = Debug|Any CPU
		Release|Any CPU = Release|Any CPU
	EndGlobalSection
	GlobalSection(ProjectConfigurationPlatforms) = postSolution
		{13F90845-0717-467C-B1AF-2436ADEBCF05}.Debug|Any CPU.ActiveCfg = Debug|Any CPU
		{13F90845-0717-467C-B1AF-2436ADEBCF05}.Debug|Any CPU.Build.0 = Debug|Any CPU
		{13F90845-0717-467C-B1AF-2436ADEBCF05}.Release|Any CPU.ActiveCfg = Release|Any CPU
		{13F90845-0717-467C-B1AF-2436ADEBCF05}.Release|Any CPU.Build.0 = Release|Any CPU
	EndGlobalSection
	GlobalSection(SolutionProperties) = preSolution
		HideSolutionNode = FALSE
	EndGlobalSection
	GlobalSection(ExtensibilityGlobals) = postSolution
		SolutionGuid = {EB330657-5C73-491A-BC99-B3449B38F641}
	EndGlobalSection
EndGlobal
